
Microsoft Visual Studio Solution File, Format Version 12.00
# Visual Studio Version 17
VisualStudioVersion = 17.0.31903.59
MinimumVisualStudioVersion = 10.0.40219.1
Project("{2150E333-8FDC-42A3-9474-1A3956D46DE8}") = "src", "src", "{827E0CD3-B72D-47B6-A68D-7590B98EB39B}"
EndProject
Project("{2150E333-8FDC-42A3-9474-1A3956D46DE8}") = "Services", "Services", "{984BB9B3-3FA3-BE33-9484-CAC21695A33C}"
EndProject
Project("{FAE04EC0-301F-11D3-BF4B-00C04F79EFBC}") = "Identity.API", "src\Services\Identity.API\Identity.API.csproj", "{E326450D-BF6B-436C-8F76-3188BC1CB7F0}"
EndProject
Project("{FAE04EC0-301F-11D3-BF4B-00C04F79EFBC}") = "ApiGateway", "src\Services\ApiGateway\ApiGateway.csproj", "{261A2F89-5CD2-4A6D-919E-E661E13CF133}"
EndProject
Project("{FAE04EC0-301F-11D3-BF4B-00C04F79EFBC}") = "GuestManagement.API", "src\Services\GuestManagement.API\GuestManagement.API.csproj", "{7B46FD77-09A0-4962-B99B-5631F41CA909}"
EndProject
Project("{FAE04EC0-301F-11D3-BF4B-00C04F79EFBC}") = "RoomManagement.API", "src\Services\RoomManagement.API\RoomManagement.API.csproj", "{8D968609-486F-480F-85D0-5ECB561F773B}"
EndProject
Project("{FAE04EC0-301F-11D3-BF4B-00C04F79EFBC}") = "Reservation.API", "src\Services\Reservation.API\Reservation.API.csproj", "{383BD3F2-2D67-41A9-8E6C-BEEF7D35DF7A}"
EndProject
Project("{FAE04EC0-301F-11D3-BF4B-00C04F79EFBC}") = "Notification.API", "src\Services\Notification.API\Notification.API.csproj", "{94898FD4-0E13-4945-9498-CF386D13527E}"
EndProject
Global
	GlobalSection(SolutionConfigurationPlatforms) = preSolution
		Debug|Any CPU = Debug|Any CPU
		Debug|x64 = Debug|x64
		Debug|x86 = Debug|x86
		Release|Any CPU = Release|Any CPU
		Release|x64 = Release|x64
		Release|x86 = Release|x86
	EndGlobalSection
	GlobalSection(ProjectConfigurationPlatforms) = postSolution
		{E326450D-BF6B-436C-8F76-3188BC1CB7F0}.Debug|Any CPU.ActiveCfg = Debug|Any CPU
		{E326450D-BF6B-436C-8F76-3188BC1CB7F0}.Debug|Any CPU.Build.0 = Debug|Any CPU
		{E326450D-BF6B-436C-8F76-3188BC1CB7F0}.Debug|x64.ActiveCfg = Debug|Any CPU
		{E326450D-BF6B-436C-8F76-3188BC1CB7F0}.Debug|x64.Build.0 = Debug|Any CPU
		{E326450D-BF6B-436C-8F76-3188BC1CB7F0}.Debug|x86.ActiveCfg = Debug|Any CPU
		{E326450D-BF6B-436C-8F76-3188BC1CB7F0}.Debug|x86.Build.0 = Debug|Any CPU
		{E326450D-BF6B-436C-8F76-3188BC1CB7F0}.Release|Any CPU.ActiveCfg = Release|Any CPU
		{E326450D-BF6B-436C-8F76-3188BC1CB7F0}.Release|Any CPU.Build.0 = Release|Any CPU
		{E326450D-BF6B-436C-8F76-3188BC1CB7F0}.Release|x64.ActiveCfg = Release|Any CPU
		{E326450D-BF6B-436C-8F76-3188BC1CB7F0}.Release|x64.Build.0 = Release|Any CPU
		{E326450D-BF6B-436C-8F76-3188BC1CB7F0}.Release|x86.ActiveCfg = Release|Any CPU
		{E326450D-BF6B-436C-8F76-3188BC1CB7F0}.Release|x86.Build.0 = Release|Any CPU
		{261A2F89-5CD2-4A6D-919E-E661E13CF133}.Debug|Any CPU.ActiveCfg = Debug|Any CPU
		{261A2F89-5CD2-4A6D-919E-E661E13CF133}.Debug|Any CPU.Build.0 = Debug|Any CPU
		{261A2F89-5CD2-4A6D-919E-E661E13CF133}.Debug|x64.ActiveCfg = Debug|Any CPU
		{261A2F89-5CD2-4A6D-919E-E661E13CF133}.Debug|x64.Build.0 = Debug|Any CPU
		{261A2F89-5CD2-4A6D-919E-E661E13CF133}.Debug|x86.ActiveCfg = Debug|Any CPU
		{261A2F89-5CD2-4A6D-919E-E661E13CF133}.Debug|x86.Build.0 = Debug|Any CPU
		{261A2F89-5CD2-4A6D-919E-E661E13CF133}.Release|Any CPU.ActiveCfg = Release|Any CPU
		{261A2F89-5CD2-4A6D-919E-E661E13CF133}.Release|Any CPU.Build.0 = Release|Any CPU
		{261A2F89-5CD2-4A6D-919E-E661E13CF133}.Release|x64.ActiveCfg = Release|Any CPU
		{261A2F89-5CD2-4A6D-919E-E661E13CF133}.Release|x64.Build.0 = Release|Any CPU
		{261A2F89-5CD2-4A6D-919E-E661E13CF133}.Release|x86.ActiveCfg = Release|Any CPU
		{261A2F89-5CD2-4A6D-919E-E661E13CF133}.Release|x86.Build.0 = Release|Any CPU
		{7B46FD77-09A0-4962-B99B-5631F41CA909}.Debug|Any CPU.ActiveCfg = Debug|Any CPU
		{7B46FD77-09A0-4962-B99B-5631F41CA909}.Debug|Any CPU.Build.0 = Debug|Any CPU
		{7B46FD77-09A0-4962-B99B-5631F41CA909}.Debug|x64.ActiveCfg = Debug|Any CPU
		{7B46FD77-09A0-4962-B99B-5631F41CA909}.Debug|x64.Build.0 = Debug|Any CPU
		{7B46FD77-09A0-4962-B99B-5631F41CA909}.Debug|x86.ActiveCfg = Debug|Any CPU
		{7B46FD77-09A0-4962-B99B-5631F41CA909}.Debug|x86.Build.0 = Debug|Any CPU
		{7B46FD77-09A0-4962-B99B-5631F41CA909}.Release|Any CPU.ActiveCfg = Release|Any CPU
		{7B46FD77-09A0-4962-B99B-5631F41CA909}.Release|Any CPU.Build.0 = Release|Any CPU
		{7B46FD77-09A0-4962-B99B-5631F41CA909}.Release|x64.ActiveCfg = Release|Any CPU
		{7B46FD77-09A0-4962-B99B-5631F41CA909}.Release|x64.Build.0 = Release|Any CPU
		{7B46FD77-09A0-4962-B99B-5631F41CA909}.Release|x86.ActiveCfg = Release|Any CPU
		{7B46FD77-09A0-4962-B99B-5631F41CA909}.Release|x86.Build.0 = Release|Any CPU
		{8D968609-486F-480F-85D0-5ECB561F773B}.Debug|Any CPU.ActiveCfg = Debug|Any CPU
		{8D968609-486F-480F-85D0-5ECB561F773B}.Debug|Any CPU.Build.0 = Debug|Any CPU
		{8D968609-486F-480F-85D0-5ECB561F773B}.Debug|x64.ActiveCfg = Debug|Any CPU
		{8D968609-486F-480F-85D0-5ECB561F773B}.Debug|x64.Build.0 = Debug|Any CPU
		{8D968609-486F-480F-85D0-5ECB561F773B}.Debug|x86.ActiveCfg = Debug|Any CPU
		{8D968609-486F-480F-85D0-5ECB561F773B}.Debug|x86.Build.0 = Debug|Any CPU
		{8D968609-486F-480F-85D0-5ECB561F773B}.Release|Any CPU.ActiveCfg = Release|Any CPU
		{8D968609-486F-480F-85D0-5ECB561F773B}.Release|Any CPU.Build.0 = Release|Any CPU
		{8D968609-486F-480F-85D0-5ECB561F773B}.Release|x64.ActiveCfg = Release|Any CPU
		{8D968609-486F-480F-85D0-5ECB561F773B}.Release|x64.Build.0 = Release|Any CPU
		{8D968609-486F-480F-85D0-5ECB561F773B}.Release|x86.ActiveCfg = Release|Any CPU
		{8D968609-486F-480F-85D0-5ECB561F773B}.Release|x86.Build.0 = Release|Any CPU
		{383BD3F2-2D67-41A9-8E6C-BEEF7D35DF7A}.Debug|Any CPU.ActiveCfg = Debug|Any CPU
		{383BD3F2-2D67-41A9-8E6C-BEEF7D35DF7A}.Debug|Any CPU.Build.0 = Debug|Any CPU
		{383BD3F2-2D67-41A9-8E6C-BEEF7D35DF7A}.Debug|x64.ActiveCfg = Debug|Any CPU
		{383BD3F2-2D67-41A9-8E6C-BEEF7D35DF7A}.Debug|x64.Build.0 = Debug|Any CPU
		{383BD3F2-2D67-41A9-8E6C-BEEF7D35DF7A}.Debug|x86.ActiveCfg = Debug|Any CPU
		{383BD3F2-2D67-41A9-8E6C-BEEF7D35DF7A}.Debug|x86.Build.0 = Debug|Any CPU
		{383BD3F2-2D67-41A9-8E6C-BEEF7D35DF7A}.Release|Any CPU.ActiveCfg = Release|Any CPU
		{383BD3F2-2D67-41A9-8E6C-BEEF7D35DF7A}.Release|Any CPU.Build.0 = Release|Any CPU
		{383BD3F2-2D67-41A9-8E6C-BEEF7D35DF7A}.Release|x64.ActiveCfg = Release|Any CPU
		{383BD3F2-2D67-41A9-8E6C-BEEF7D35DF7A}.Release|x64.Build.0 = Release|Any CPU
		{383BD3F2-2D67-41A9-8E6C-BEEF7D35DF7A}.Release|x86.ActiveCfg = Release|Any CPU
		{383BD3F2-2D67-41A9-8E6C-BEEF7D35DF7A}.Release|x86.Build.0 = Release|Any CPU
		{94898FD4-0E13-4945-9498-CF386D13527E}.Debug|Any CPU.ActiveCfg = Debug|Any CPU
		{94898FD4-0E13-4945-9498-CF386D13527E}.Debug|Any CPU.Build.0 = Debug|Any CPU
		{94898FD4-0E13-4945-9498-CF386D13527E}.Debug|x64.ActiveCfg = Debug|Any CPU
		{94898FD4-0E13-4945-9498-CF386D13527E}.Debug|x64.Build.0 = Debug|Any CPU
		{94898FD4-0E13-4945-9498-CF386D13527E}.Debug|x86.ActiveCfg = Debug|Any CPU
		{94898FD4-0E13-4945-9498-CF386D13527E}.Debug|x86.Build.0 = Debug|Any CPU
		{94898FD4-0E13-4945-9498-CF386D13527E}.Release|Any CPU.ActiveCfg = Release|Any CPU
		{94898FD4-0E13-4945-9498-CF386D13527E}.Release|Any CPU.Build.0 = Release|Any CPU
		{94898FD4-0E13-4945-9498-CF386D13527E}.Release|x64.ActiveCfg = Release|Any CPU
		{94898FD4-0E13-4945-9498-CF386D13527E}.Release|x64.Build.0 = Release|Any CPU
		{94898FD4-0E13-4945-9498-CF386D13527E}.Release|x86.ActiveCfg = Release|Any CPU
		{94898FD4-0E13-4945-9498-CF386D13527E}.Release|x86.Build.0 = Release|Any CPU
	EndGlobalSection
	GlobalSection(SolutionProperties) = preSolution
		HideSolutionNode = FALSE
	EndGlobalSection
	GlobalSection(NestedProjects) = preSolution
		{984BB9B3-3FA3-BE33-9484-CAC21695A33C} = {827E0CD3-B72D-47B6-A68D-7590B98EB39B}
		{E326450D-BF6B-436C-8F76-3188BC1CB7F0} = {984BB9B3-3FA3-BE33-9484-CAC21695A33C}
		{261A2F89-5CD2-4A6D-919E-E661E13CF133} = {984BB9B3-3FA3-BE33-9484-CAC21695A33C}
		{7B46FD77-09A0-4962-B99B-5631F41CA909} = {984BB9B3-3FA3-BE33-9484-CAC21695A33C}
		{8D968609-486F-480F-85D0-5ECB561F773B} = {984BB9B3-3FA3-BE33-9484-CAC21695A33C}
		{383BD3F2-2D67-41A9-8E6C-BEEF7D35DF7A} = {984BB9B3-3FA3-BE33-9484-CAC21695A33C}
		{94898FD4-0E13-4945-9498-CF386D13527E} = {984BB9B3-3FA3-BE33-9484-CAC21695A33C}
	EndGlobalSection
EndGlobal
